
Microsoft Visual Studio Solution File, Format Version 12.00
# Visual Studio Version 17
VisualStudioVersion = 17.1.32414.318
MinimumVisualStudioVersion = 10.0.40219.1
Project("{FAE04EC0-301F-11D3-BF4B-00C04F79EFBC}") = "ClaseSabadoEjercicioExcepciones14-05", "ClaseSabadoEjercicioExcepciones14-05\ClaseSabadoEjercicioExcepciones14-05.csproj", "{DE11C62C-6F80-4994-885D-7AB29FF387B4}"
EndProject
Global
	GlobalSection(SolutionConfigurationPlatforms) = preSolution
		Debug|Any CPU = Debug|Any CPU
		Release|Any CPU = Release|Any CPU
	EndGlobalSection
	GlobalSection(ProjectConfigurationPlatforms) = postSolution
		{DE11C62C-6F80-4994-885D-7AB29FF387B4}.Debug|Any CPU.ActiveCfg = Debug|Any CPU
		{DE11C62C-6F80-4994-885D-7AB29FF387B4}.Debug|Any CPU.Build.0 = Debug|Any CPU
		{DE11C62C-6F80-4994-885D-7AB29FF387B4}.Release|Any CPU.ActiveCfg = Release|Any CPU
		{DE11C62C-6F80-4994-885D-7AB29FF387B4}.Release|Any CPU.Build.0 = Release|Any CPU
	EndGlobalSection
	GlobalSection(SolutionProperties) = preSolution
		HideSolutionNode = FALSE
	EndGlobalSection
	GlobalSection(ExtensibilityGlobals) = postSolution
		SolutionGuid = {B2A3A54E-4B34-43E3-ACFB-15C1C9AEEAB9}
	EndGlobalSection
EndGlobal
