
Microsoft Visual Studio Solution File, Format Version 12.00
# Visual Studio Version 17
VisualStudioVersion = 17.1.32210.238
MinimumVisualStudioVersion = 10.0.40219.1
Project("{FAE04EC0-301F-11D3-BF4B-00C04F79EFBC}") = "Ejercicio01-Unidad07PuestoDeAtencion", "Ejercicio01-Unidad07PuestoDeAtencion\Ejercicio01-Unidad07PuestoDeAtencion.csproj", "{4ADF0096-3E46-484D-A3AF-5BABFD93F3A6}"
EndProject
Project("{FAE04EC0-301F-11D3-BF4B-00C04F79EFBC}") = "BibliotecaClases", "BibliotecaClases\BibliotecaClases.csproj", "{A8F8FF32-5D03-4041-A27F-1DEEF1175A99}"
EndProject
Global
	GlobalSection(SolutionConfigurationPlatforms) = preSolution
		Debug|Any CPU = Debug|Any CPU
		Release|Any CPU = Release|Any CPU
	EndGlobalSection
	GlobalSection(ProjectConfigurationPlatforms) = postSolution
		{4ADF0096-3E46-484D-A3AF-5BABFD93F3A6}.Debug|Any CPU.ActiveCfg = Debug|Any CPU
		{4ADF0096-3E46-484D-A3AF-5BABFD93F3A6}.Debug|Any CPU.Build.0 = Debug|Any CPU
		{4ADF0096-3E46-484D-A3AF-5BABFD93F3A6}.Release|Any CPU.ActiveCfg = Release|Any CPU
		{4ADF0096-3E46-484D-A3AF-5BABFD93F3A6}.Release|Any CPU.Build.0 = Release|Any CPU
		{A8F8FF32-5D03-4041-A27F-1DEEF1175A99}.Debug|Any CPU.ActiveCfg = Debug|Any CPU
		{A8F8FF32-5D03-4041-A27F-1DEEF1175A99}.Debug|Any CPU.Build.0 = Debug|Any CPU
		{A8F8FF32-5D03-4041-A27F-1DEEF1175A99}.Release|Any CPU.ActiveCfg = Release|Any CPU
		{A8F8FF32-5D03-4041-A27F-1DEEF1175A99}.Release|Any CPU.Build.0 = Release|Any CPU
	EndGlobalSection
	GlobalSection(SolutionProperties) = preSolution
		HideSolutionNode = FALSE
	EndGlobalSection
	GlobalSection(ExtensibilityGlobals) = postSolution
		SolutionGuid = {9EA01794-3216-4F24-A879-9D9E278825AC}
	EndGlobalSection
EndGlobal
