
Microsoft Visual Studio Solution File, Format Version 12.00
# Visual Studio Version 17
VisualStudioVersion = 17.1.32210.238
MinimumVisualStudioVersion = 10.0.40219.1
Project("{9A19103F-16F7-4668-BE54-9A1E7A4F7556}") = "EjercicioC03-Unidad07Centralita1", "EjercicioC03-Unidad07Centralita1\EjercicioC03-Unidad07Centralita1.csproj", "{92D3D336-BFDF-42DA-8A6B-8B99DBF26740}"
EndProject
Project("{9A19103F-16F7-4668-BE54-9A1E7A4F7556}") = "Centralita", "BibliotecaDeClases\Centralita.csproj", "{42B2BDC7-6593-4CDA-BEAE-0681C3955610}"
EndProject
Project("{FAE04EC0-301F-11D3-BF4B-00C04F79EFBC}") = "CentralitaUI", "CentralitaUI\CentralitaUI.csproj", "{3DD7BE23-1FF2-4EE1-A137-9651AB12DF5C}"
EndProject
Global
	GlobalSection(SolutionConfigurationPlatforms) = preSolution
		Debug|Any CPU = Debug|Any CPU
		Release|Any CPU = Release|Any CPU
	EndGlobalSection
	GlobalSection(ProjectConfigurationPlatforms) = postSolution
		{92D3D336-BFDF-42DA-8A6B-8B99DBF26740}.Debug|Any CPU.ActiveCfg = Debug|Any CPU
		{92D3D336-BFDF-42DA-8A6B-8B99DBF26740}.Debug|Any CPU.Build.0 = Debug|Any CPU
		{92D3D336-BFDF-42DA-8A6B-8B99DBF26740}.Release|Any CPU.ActiveCfg = Release|Any CPU
		{92D3D336-BFDF-42DA-8A6B-8B99DBF26740}.Release|Any CPU.Build.0 = Release|Any CPU
		{42B2BDC7-6593-4CDA-BEAE-0681C3955610}.Debug|Any CPU.ActiveCfg = Debug|Any CPU
		{42B2BDC7-6593-4CDA-BEAE-0681C3955610}.Debug|Any CPU.Build.0 = Debug|Any CPU
		{42B2BDC7-6593-4CDA-BEAE-0681C3955610}.Release|Any CPU.ActiveCfg = Release|Any CPU
		{42B2BDC7-6593-4CDA-BEAE-0681C3955610}.Release|Any CPU.Build.0 = Release|Any CPU
		{3DD7BE23-1FF2-4EE1-A137-9651AB12DF5C}.Debug|Any CPU.ActiveCfg = Debug|Any CPU
		{3DD7BE23-1FF2-4EE1-A137-9651AB12DF5C}.Debug|Any CPU.Build.0 = Debug|Any CPU
		{3DD7BE23-1FF2-4EE1-A137-9651AB12DF5C}.Release|Any CPU.ActiveCfg = Release|Any CPU
		{3DD7BE23-1FF2-4EE1-A137-9651AB12DF5C}.Release|Any CPU.Build.0 = Release|Any CPU
	EndGlobalSection
	GlobalSection(SolutionProperties) = preSolution
		HideSolutionNode = FALSE
	EndGlobalSection
	GlobalSection(ExtensibilityGlobals) = postSolution
		SolutionGuid = {FDC2CFFB-8ED3-4241-8500-B949535131D7}
	EndGlobalSection
EndGlobal
