
Microsoft Visual Studio Solution File, Format Version 12.00
# Visual Studio Version 17
VisualStudioVersion = 17.1.32210.238
MinimumVisualStudioVersion = 10.0.40219.1
Project("{FAE04EC0-301F-11D3-BF4B-00C04F79EFBC}") = "EjercicioClase", "EjercicioClase\EjercicioClase.csproj", "{9EA9F61A-5AE0-4F0F-B490-4BCACA7207C1}"
EndProject
Project("{FAE04EC0-301F-11D3-BF4B-00C04F79EFBC}") = "BibliotecaDeClases", "BibliotecaDeClases\BibliotecaDeClases.csproj", "{E63EBBA8-13AF-4BEB-8AEE-FD06DB3C5191}"
EndProject
Global
	GlobalSection(SolutionConfigurationPlatforms) = preSolution
		Debug|Any CPU = Debug|Any CPU
		Release|Any CPU = Release|Any CPU
	EndGlobalSection
	GlobalSection(ProjectConfigurationPlatforms) = postSolution
		{9EA9F61A-5AE0-4F0F-B490-4BCACA7207C1}.Debug|Any CPU.ActiveCfg = Debug|Any CPU
		{9EA9F61A-5AE0-4F0F-B490-4BCACA7207C1}.Debug|Any CPU.Build.0 = Debug|Any CPU
		{9EA9F61A-5AE0-4F0F-B490-4BCACA7207C1}.Release|Any CPU.ActiveCfg = Release|Any CPU
		{9EA9F61A-5AE0-4F0F-B490-4BCACA7207C1}.Release|Any CPU.Build.0 = Release|Any CPU
		{E63EBBA8-13AF-4BEB-8AEE-FD06DB3C5191}.Debug|Any CPU.ActiveCfg = Debug|Any CPU
		{E63EBBA8-13AF-4BEB-8AEE-FD06DB3C5191}.Debug|Any CPU.Build.0 = Debug|Any CPU
		{E63EBBA8-13AF-4BEB-8AEE-FD06DB3C5191}.Release|Any CPU.ActiveCfg = Release|Any CPU
		{E63EBBA8-13AF-4BEB-8AEE-FD06DB3C5191}.Release|Any CPU.Build.0 = Release|Any CPU
	EndGlobalSection
	GlobalSection(SolutionProperties) = preSolution
		HideSolutionNode = FALSE
	EndGlobalSection
	GlobalSection(ExtensibilityGlobals) = postSolution
		SolutionGuid = {69CAE481-CB23-40C8-9F2E-4FD7B40293D7}
	EndGlobalSection
EndGlobal
