
Microsoft Visual Studio Solution File, Format Version 12.00
# Visual Studio Version 17
VisualStudioVersion = 17.1.32414.318
MinimumVisualStudioVersion = 10.0.40219.1
Project("{FAE04EC0-301F-11D3-BF4B-00C04F79EFBC}") = "EjercicioC01 Temporizador", "EjercicioC01 Temporizador\EjercicioC01 Temporizador.csproj", "{2A6208CB-F153-46CF-B900-53DF19E8DE41}"
EndProject
Project("{FAE04EC0-301F-11D3-BF4B-00C04F79EFBC}") = "BibliotecaDeClases", "BibliotecaDeClases\BibliotecaDeClases.csproj", "{EC9F6673-491E-4492-A811-0B2A351AA50D}"
EndProject
Global
	GlobalSection(SolutionConfigurationPlatforms) = preSolution
		Debug|Any CPU = Debug|Any CPU
		Release|Any CPU = Release|Any CPU
	EndGlobalSection
	GlobalSection(ProjectConfigurationPlatforms) = postSolution
		{2A6208CB-F153-46CF-B900-53DF19E8DE41}.Debug|Any CPU.ActiveCfg = Debug|Any CPU
		{2A6208CB-F153-46CF-B900-53DF19E8DE41}.Debug|Any CPU.Build.0 = Debug|Any CPU
		{2A6208CB-F153-46CF-B900-53DF19E8DE41}.Release|Any CPU.ActiveCfg = Release|Any CPU
		{2A6208CB-F153-46CF-B900-53DF19E8DE41}.Release|Any CPU.Build.0 = Release|Any CPU
		{EC9F6673-491E-4492-A811-0B2A351AA50D}.Debug|Any CPU.ActiveCfg = Debug|Any CPU
		{EC9F6673-491E-4492-A811-0B2A351AA50D}.Debug|Any CPU.Build.0 = Debug|Any CPU
		{EC9F6673-491E-4492-A811-0B2A351AA50D}.Release|Any CPU.ActiveCfg = Release|Any CPU
		{EC9F6673-491E-4492-A811-0B2A351AA50D}.Release|Any CPU.Build.0 = Release|Any CPU
	EndGlobalSection
	GlobalSection(SolutionProperties) = preSolution
		HideSolutionNode = FALSE
	EndGlobalSection
	GlobalSection(ExtensibilityGlobals) = postSolution
		SolutionGuid = {D9C1E166-3281-45DE-A5CD-8803F152BDBF}
	EndGlobalSection
EndGlobal
