
Microsoft Visual Studio Solution File, Format Version 12.00
# Visual Studio Version 17
VisualStudioVersion = 17.1.32210.238
MinimumVisualStudioVersion = 10.0.40219.1
Project("{FAE04EC0-301F-11D3-BF4B-00C04F79EFBC}") = "EjercicioA01-Unidad04Fahrenheit", "EjercicioA01-Unidad04Fahrenheit\EjercicioA01-Unidad04Fahrenheit.csproj", "{426C7219-82F2-47A2-BE8E-29270571C2B0}"
EndProject
Project("{FAE04EC0-301F-11D3-BF4B-00C04F79EFBC}") = "ClassLibrary", "ClassLibrary\ClassLibrary.csproj", "{DD2FFD13-9712-4D38-8A44-8E1753D72BE8}"
EndProject
Global
	GlobalSection(SolutionConfigurationPlatforms) = preSolution
		Debug|Any CPU = Debug|Any CPU
		Release|Any CPU = Release|Any CPU
	EndGlobalSection
	GlobalSection(ProjectConfigurationPlatforms) = postSolution
		{426C7219-82F2-47A2-BE8E-29270571C2B0}.Debug|Any CPU.ActiveCfg = Debug|Any CPU
		{426C7219-82F2-47A2-BE8E-29270571C2B0}.Debug|Any CPU.Build.0 = Debug|Any CPU
		{426C7219-82F2-47A2-BE8E-29270571C2B0}.Release|Any CPU.ActiveCfg = Release|Any CPU
		{426C7219-82F2-47A2-BE8E-29270571C2B0}.Release|Any CPU.Build.0 = Release|Any CPU
		{DD2FFD13-9712-4D38-8A44-8E1753D72BE8}.Debug|Any CPU.ActiveCfg = Debug|Any CPU
		{DD2FFD13-9712-4D38-8A44-8E1753D72BE8}.Debug|Any CPU.Build.0 = Debug|Any CPU
		{DD2FFD13-9712-4D38-8A44-8E1753D72BE8}.Release|Any CPU.ActiveCfg = Release|Any CPU
		{DD2FFD13-9712-4D38-8A44-8E1753D72BE8}.Release|Any CPU.Build.0 = Release|Any CPU
	EndGlobalSection
	GlobalSection(SolutionProperties) = preSolution
		HideSolutionNode = FALSE
	EndGlobalSection
	GlobalSection(ExtensibilityGlobals) = postSolution
		SolutionGuid = {5BDECC02-23E2-487B-A01B-B6D0B9B47626}
	EndGlobalSection
EndGlobal
