
Microsoft Visual Studio Solution File, Format Version 12.00
# Visual Studio Version 17
VisualStudioVersion = 17.1.32414.318
MinimumVisualStudioVersion = 10.0.40219.1
Project("{9A19103F-16F7-4668-BE54-9A1E7A4F7556}") = "ClaseArchivos", "ClaseArchivos\ClaseArchivos.csproj", "{96214746-83B1-458D-BB10-FD5FA7539F52}"
EndProject
Project("{9A19103F-16F7-4668-BE54-9A1E7A4F7556}") = "ClaseArchivos02", "ClaseArchivos02\ClaseArchivos02.csproj", "{7FEA7C66-2EB0-4ABC-8C30-0B39BD71083C}"
EndProject
Project("{FAE04EC0-301F-11D3-BF4B-00C04F79EFBC}") = "Serializacion01", "Serializacion01\Serializacion01.csproj", "{CA3579A5-D8AC-4C9F-AF59-74CE2C30E17A}"
EndProject
Project("{FAE04EC0-301F-11D3-BF4B-00C04F79EFBC}") = "SerializacionHerenciaXml", "SerializacionHerenciaXml\SerializacionHerenciaXml.csproj", "{9EC38EA5-7297-4D7E-B0D7-4F79116862D2}"
EndProject
Project("{FAE04EC0-301F-11D3-BF4B-00C04F79EFBC}") = "SerializacionJSON", "SerializacionJSON\SerializacionJSON.csproj", "{D5C0723C-DA4D-48C8-90CC-D6B6DD73347E}"
EndProject
Global
	GlobalSection(SolutionConfigurationPlatforms) = preSolution
		Debug|Any CPU = Debug|Any CPU
		Release|Any CPU = Release|Any CPU
	EndGlobalSection
	GlobalSection(ProjectConfigurationPlatforms) = postSolution
		{96214746-83B1-458D-BB10-FD5FA7539F52}.Debug|Any CPU.ActiveCfg = Debug|Any CPU
		{96214746-83B1-458D-BB10-FD5FA7539F52}.Debug|Any CPU.Build.0 = Debug|Any CPU
		{96214746-83B1-458D-BB10-FD5FA7539F52}.Release|Any CPU.ActiveCfg = Release|Any CPU
		{96214746-83B1-458D-BB10-FD5FA7539F52}.Release|Any CPU.Build.0 = Release|Any CPU
		{7FEA7C66-2EB0-4ABC-8C30-0B39BD71083C}.Debug|Any CPU.ActiveCfg = Debug|Any CPU
		{7FEA7C66-2EB0-4ABC-8C30-0B39BD71083C}.Debug|Any CPU.Build.0 = Debug|Any CPU
		{7FEA7C66-2EB0-4ABC-8C30-0B39BD71083C}.Release|Any CPU.ActiveCfg = Release|Any CPU
		{7FEA7C66-2EB0-4ABC-8C30-0B39BD71083C}.Release|Any CPU.Build.0 = Release|Any CPU
		{CA3579A5-D8AC-4C9F-AF59-74CE2C30E17A}.Debug|Any CPU.ActiveCfg = Debug|Any CPU
		{CA3579A5-D8AC-4C9F-AF59-74CE2C30E17A}.Debug|Any CPU.Build.0 = Debug|Any CPU
		{CA3579A5-D8AC-4C9F-AF59-74CE2C30E17A}.Release|Any CPU.ActiveCfg = Release|Any CPU
		{CA3579A5-D8AC-4C9F-AF59-74CE2C30E17A}.Release|Any CPU.Build.0 = Release|Any CPU
		{9EC38EA5-7297-4D7E-B0D7-4F79116862D2}.Debug|Any CPU.ActiveCfg = Debug|Any CPU
		{9EC38EA5-7297-4D7E-B0D7-4F79116862D2}.Debug|Any CPU.Build.0 = Debug|Any CPU
		{9EC38EA5-7297-4D7E-B0D7-4F79116862D2}.Release|Any CPU.ActiveCfg = Release|Any CPU
		{9EC38EA5-7297-4D7E-B0D7-4F79116862D2}.Release|Any CPU.Build.0 = Release|Any CPU
		{D5C0723C-DA4D-48C8-90CC-D6B6DD73347E}.Debug|Any CPU.ActiveCfg = Debug|Any CPU
		{D5C0723C-DA4D-48C8-90CC-D6B6DD73347E}.Debug|Any CPU.Build.0 = Debug|Any CPU
		{D5C0723C-DA4D-48C8-90CC-D6B6DD73347E}.Release|Any CPU.ActiveCfg = Release|Any CPU
		{D5C0723C-DA4D-48C8-90CC-D6B6DD73347E}.Release|Any CPU.Build.0 = Release|Any CPU
	EndGlobalSection
	GlobalSection(SolutionProperties) = preSolution
		HideSolutionNode = FALSE
	EndGlobalSection
	GlobalSection(ExtensibilityGlobals) = postSolution
		SolutionGuid = {D8F62C2E-88CF-4419-9632-3C3FB9E3168E}
	EndGlobalSection
EndGlobal
