
Microsoft Visual Studio Solution File, Format Version 12.00
# Visual Studio Version 17
VisualStudioVersion = 17.1.32414.318
MinimumVisualStudioVersion = 10.0.40219.1
Project("{FAE04EC0-301F-11D3-BF4B-00C04F79EFBC}") = "EjercicioI01-TestDrivenDevelopment", "EjercicioI01-TestDrivenDevelopment\EjercicioI01-TestDrivenDevelopment.csproj", "{60F86A97-BA7D-4C06-80CD-FFF1EE3CCA91}"
EndProject
Project("{FAE04EC0-301F-11D3-BF4B-00C04F79EFBC}") = "Pruebas", "Pruebas\Pruebas.csproj", "{BFB9D6CC-A6D4-4DFC-A9C0-9224872CE358}"
EndProject
Project("{FAE04EC0-301F-11D3-BF4B-00C04F79EFBC}") = "Excepciones", "Excepciones\Excepciones.csproj", "{94BDB4F0-79F4-4963-854D-934A74C0917A}"
EndProject
Global
	GlobalSection(SolutionConfigurationPlatforms) = preSolution
		Debug|Any CPU = Debug|Any CPU
		Release|Any CPU = Release|Any CPU
	EndGlobalSection
	GlobalSection(ProjectConfigurationPlatforms) = postSolution
		{60F86A97-BA7D-4C06-80CD-FFF1EE3CCA91}.Debug|Any CPU.ActiveCfg = Debug|Any CPU
		{60F86A97-BA7D-4C06-80CD-FFF1EE3CCA91}.Debug|Any CPU.Build.0 = Debug|Any CPU
		{60F86A97-BA7D-4C06-80CD-FFF1EE3CCA91}.Release|Any CPU.ActiveCfg = Release|Any CPU
		{60F86A97-BA7D-4C06-80CD-FFF1EE3CCA91}.Release|Any CPU.Build.0 = Release|Any CPU
		{BFB9D6CC-A6D4-4DFC-A9C0-9224872CE358}.Debug|Any CPU.ActiveCfg = Debug|Any CPU
		{BFB9D6CC-A6D4-4DFC-A9C0-9224872CE358}.Debug|Any CPU.Build.0 = Debug|Any CPU
		{BFB9D6CC-A6D4-4DFC-A9C0-9224872CE358}.Release|Any CPU.ActiveCfg = Release|Any CPU
		{BFB9D6CC-A6D4-4DFC-A9C0-9224872CE358}.Release|Any CPU.Build.0 = Release|Any CPU
		{94BDB4F0-79F4-4963-854D-934A74C0917A}.Debug|Any CPU.ActiveCfg = Debug|Any CPU
		{94BDB4F0-79F4-4963-854D-934A74C0917A}.Debug|Any CPU.Build.0 = Debug|Any CPU
		{94BDB4F0-79F4-4963-854D-934A74C0917A}.Release|Any CPU.ActiveCfg = Release|Any CPU
		{94BDB4F0-79F4-4963-854D-934A74C0917A}.Release|Any CPU.Build.0 = Release|Any CPU
	EndGlobalSection
	GlobalSection(SolutionProperties) = preSolution
		HideSolutionNode = FALSE
	EndGlobalSection
	GlobalSection(ExtensibilityGlobals) = postSolution
		SolutionGuid = {0244C4B1-CCDB-4D72-A061-F6CC49B00C9E}
	EndGlobalSection
EndGlobal
