
Microsoft Visual Studio Solution File, Format Version 12.00
# Visual Studio Version 17
VisualStudioVersion = 17.1.32210.238
MinimumVisualStudioVersion = 10.0.40219.1
Project("{FAE04EC0-301F-11D3-BF4B-00C04F79EFBC}") = "ClaseColecciones", "ClaseColecciones\ClaseColecciones.csproj", "{088EDBE3-CEBB-4FB6-81C2-FC5A8E332C68}"
EndProject
Global
	GlobalSection(SolutionConfigurationPlatforms) = preSolution
		Debug|Any CPU = Debug|Any CPU
		Release|Any CPU = Release|Any CPU
	EndGlobalSection
	GlobalSection(ProjectConfigurationPlatforms) = postSolution
		{088EDBE3-CEBB-4FB6-81C2-FC5A8E332C68}.Debug|Any CPU.ActiveCfg = Debug|Any CPU
		{088EDBE3-CEBB-4FB6-81C2-FC5A8E332C68}.Debug|Any CPU.Build.0 = Debug|Any CPU
		{088EDBE3-CEBB-4FB6-81C2-FC5A8E332C68}.Release|Any CPU.ActiveCfg = Release|Any CPU
		{088EDBE3-CEBB-4FB6-81C2-FC5A8E332C68}.Release|Any CPU.Build.0 = Release|Any CPU
	EndGlobalSection
	GlobalSection(SolutionProperties) = preSolution
		HideSolutionNode = FALSE
	EndGlobalSection
	GlobalSection(ExtensibilityGlobals) = postSolution
		SolutionGuid = {F76797E4-116B-4147-A5FC-0DD8B413763C}
	EndGlobalSection
EndGlobal
