
Microsoft Visual Studio Solution File, Format Version 12.00
# Visual Studio Version 17
VisualStudioVersion = 17.1.32414.318
MinimumVisualStudioVersion = 10.0.40219.1
Project("{FAE04EC0-301F-11D3-BF4B-00C04F79EFBC}") = "EjercicioI01El delegado", "EjercicioI01El delegado\EjercicioI01El delegado.csproj", "{B95E495F-054B-417B-80AF-2D92C2331185}"
EndProject
Global
	GlobalSection(SolutionConfigurationPlatforms) = preSolution
		Debug|Any CPU = Debug|Any CPU
		Release|Any CPU = Release|Any CPU
	EndGlobalSection
	GlobalSection(ProjectConfigurationPlatforms) = postSolution
		{B95E495F-054B-417B-80AF-2D92C2331185}.Debug|Any CPU.ActiveCfg = Debug|Any CPU
		{B95E495F-054B-417B-80AF-2D92C2331185}.Debug|Any CPU.Build.0 = Debug|Any CPU
		{B95E495F-054B-417B-80AF-2D92C2331185}.Release|Any CPU.ActiveCfg = Release|Any CPU
		{B95E495F-054B-417B-80AF-2D92C2331185}.Release|Any CPU.Build.0 = Release|Any CPU
	EndGlobalSection
	GlobalSection(SolutionProperties) = preSolution
		HideSolutionNode = FALSE
	EndGlobalSection
	GlobalSection(ExtensibilityGlobals) = postSolution
		SolutionGuid = {430462EB-BEC7-45CE-AD44-FBB7C697B6BF}
	EndGlobalSection
EndGlobal
