
Microsoft Visual Studio Solution File, Format Version 12.00
# Visual Studio Version 17
VisualStudioVersion = 17.1.32414.318
MinimumVisualStudioVersion = 10.0.40219.1
Project("{FAE04EC0-301F-11D3-BF4B-00C04F79EFBC}") = "BibliotecaDeClases", "BibliotecaDeClases\BibliotecaDeClases.csproj", "{622DE90F-A11C-4BAB-A86A-B94A24919BC7}"
EndProject
Project("{FAE04EC0-301F-11D3-BF4B-00C04F79EFBC}") = "PruebasUnitarias", "PruebasUnitarias\PruebasUnitarias.csproj", "{CF988EE0-B617-4312-8123-23FDBA418496}"
EndProject
Project("{FAE04EC0-301F-11D3-BF4B-00C04F79EFBC}") = "ConsoleApp1", "ConsoleApp1\ConsoleApp1.csproj", "{471B324E-4AF0-47B8-9CBB-7CDA8579D717}"
EndProject
Global
	GlobalSection(SolutionConfigurationPlatforms) = preSolution
		Debug|Any CPU = Debug|Any CPU
		Release|Any CPU = Release|Any CPU
	EndGlobalSection
	GlobalSection(ProjectConfigurationPlatforms) = postSolution
		{622DE90F-A11C-4BAB-A86A-B94A24919BC7}.Debug|Any CPU.ActiveCfg = Debug|Any CPU
		{622DE90F-A11C-4BAB-A86A-B94A24919BC7}.Debug|Any CPU.Build.0 = Debug|Any CPU
		{622DE90F-A11C-4BAB-A86A-B94A24919BC7}.Release|Any CPU.ActiveCfg = Release|Any CPU
		{622DE90F-A11C-4BAB-A86A-B94A24919BC7}.Release|Any CPU.Build.0 = Release|Any CPU
		{CF988EE0-B617-4312-8123-23FDBA418496}.Debug|Any CPU.ActiveCfg = Debug|Any CPU
		{CF988EE0-B617-4312-8123-23FDBA418496}.Debug|Any CPU.Build.0 = Debug|Any CPU
		{CF988EE0-B617-4312-8123-23FDBA418496}.Release|Any CPU.ActiveCfg = Release|Any CPU
		{CF988EE0-B617-4312-8123-23FDBA418496}.Release|Any CPU.Build.0 = Release|Any CPU
		{471B324E-4AF0-47B8-9CBB-7CDA8579D717}.Debug|Any CPU.ActiveCfg = Debug|Any CPU
		{471B324E-4AF0-47B8-9CBB-7CDA8579D717}.Debug|Any CPU.Build.0 = Debug|Any CPU
		{471B324E-4AF0-47B8-9CBB-7CDA8579D717}.Release|Any CPU.ActiveCfg = Release|Any CPU
		{471B324E-4AF0-47B8-9CBB-7CDA8579D717}.Release|Any CPU.Build.0 = Release|Any CPU
	EndGlobalSection
	GlobalSection(SolutionProperties) = preSolution
		HideSolutionNode = FALSE
	EndGlobalSection
	GlobalSection(ExtensibilityGlobals) = postSolution
		SolutionGuid = {85564DF7-CB8F-4B71-A708-F8F6ABC85840}
	EndGlobalSection
EndGlobal
