
Microsoft Visual Studio Solution File, Format Version 12.00
# Visual Studio Version 17
VisualStudioVersion = 17.1.32414.318
MinimumVisualStudioVersion = 10.0.40219.1
Project("{FAE04EC0-301F-11D3-BF4B-00C04F79EFBC}") = "ClaseBaseDeDatos", "ClaseBaseDeDatos\ClaseBaseDeDatos.csproj", "{A7CAAD33-C503-47CD-895D-00390B593D6F}"
EndProject
Global
	GlobalSection(SolutionConfigurationPlatforms) = preSolution
		Debug|Any CPU = Debug|Any CPU
		Release|Any CPU = Release|Any CPU
	EndGlobalSection
	GlobalSection(ProjectConfigurationPlatforms) = postSolution
		{A7CAAD33-C503-47CD-895D-00390B593D6F}.Debug|Any CPU.ActiveCfg = Debug|Any CPU
		{A7CAAD33-C503-47CD-895D-00390B593D6F}.Debug|Any CPU.Build.0 = Debug|Any CPU
		{A7CAAD33-C503-47CD-895D-00390B593D6F}.Release|Any CPU.ActiveCfg = Release|Any CPU
		{A7CAAD33-C503-47CD-895D-00390B593D6F}.Release|Any CPU.Build.0 = Release|Any CPU
	EndGlobalSection
	GlobalSection(SolutionProperties) = preSolution
		HideSolutionNode = FALSE
	EndGlobalSection
	GlobalSection(ExtensibilityGlobals) = postSolution
		SolutionGuid = {AE673A2B-B1A8-40C9-8047-8379790C4C83}
	EndGlobalSection
EndGlobal
